
Microsoft Visual Studio Solution File, Format Version 12.00
# Visual Studio 15
Project("{FAE04EC0-301F-11D3-BF4B-00C04F79EFBC}") = "PokemonGo_Main", "PokemonGo_Main.csproj", "{775481F5-062F-3DB7-84F7-0F8A6923E99A}"
EndProject
Project("{FAE04EC0-301F-11D3-BF4B-00C04F79EFBC}") = "PokemonGo_Main.Editor", "PokemonGo_Main.Editor.csproj", "{4CAAFA70-DA39-5BB1-92D9-C418C9A9ADE8}"
EndProject
Global
	GlobalSection(SolutionConfigurationPlatforms) = preSolution
		Debug|Any CPU = Debug|Any CPU
		Release|Any CPU = Release|Any CPU
	EndGlobalSection
	GlobalSection(ProjectConfigurationPlatforms) = postSolution
		{775481F5-062F-3DB7-84F7-0F8A6923E99A}.Debug|Any CPU.ActiveCfg = Debug|Any CPU
		{775481F5-062F-3DB7-84F7-0F8A6923E99A}.Debug|Any CPU.Build.0 = Debug|Any CPU
		{775481F5-062F-3DB7-84F7-0F8A6923E99A}.Release|Any CPU.ActiveCfg = Release|Any CPU
		{775481F5-062F-3DB7-84F7-0F8A6923E99A}.Release|Any CPU.Build.0 = Release|Any CPU
		{4CAAFA70-DA39-5BB1-92D9-C418C9A9ADE8}.Debug|Any CPU.ActiveCfg = Debug|Any CPU
		{4CAAFA70-DA39-5BB1-92D9-C418C9A9ADE8}.Debug|Any CPU.Build.0 = Debug|Any CPU
		{4CAAFA70-DA39-5BB1-92D9-C418C9A9ADE8}.Release|Any CPU.ActiveCfg = Release|Any CPU
		{4CAAFA70-DA39-5BB1-92D9-C418C9A9ADE8}.Release|Any CPU.Build.0 = Release|Any CPU
	EndGlobalSection
	GlobalSection(SolutionProperties) = preSolution
		HideSolutionNode = FALSE
	 EndGlobalSection
EndGlobal
   